
Microsoft Visual Studio Solution File, Format Version 12.00
# Visual Studio Version 17
VisualStudioVersion = 17.5.002.0
MinimumVisualStudioVersion = 10.0.40219.1
Project("{9A19103F-16F7-4668-BE54-9A1E7A4F7556}") = "app", "app.csproj", "{39FFB718-91BE-4079-92E1-1833DC5DEE4E}"
EndProject
Global
	GlobalSection(SolutionConfigurationPlatforms) = preSolution
		Debug|Any CPU = Debug|Any CPU
		Release|Any CPU = Release|Any CPU
	EndGlobalSection
	GlobalSection(ProjectConfigurationPlatforms) = postSolution
		{39FFB718-91BE-4079-92E1-1833DC5DEE4E}.Debug|Any CPU.ActiveCfg = Debug|Any CPU
		{39FFB718-91BE-4079-92E1-1833DC5DEE4E}.Debug|Any CPU.Build.0 = Debug|Any CPU
		{39FFB718-91BE-4079-92E1-1833DC5DEE4E}.Release|Any CPU.ActiveCfg = Release|Any CPU
		{39FFB718-91BE-4079-92E1-1833DC5DEE4E}.Release|Any CPU.Build.0 = Release|Any CPU
	EndGlobalSection
	GlobalSection(SolutionProperties) = preSolution
		HideSolutionNode = FALSE
	EndGlobalSection
	GlobalSection(ExtensibilityGlobals) = postSolution
		SolutionGuid = {125DDC9C-8DBF-4216-AEE9-B73E0928502F}
	EndGlobalSection
EndGlobal
